PODS:
  - Bolts (1.9.0):
    - Bolts/AppLinks (= 1.9.0)
    - Bolts/Tasks (= 1.9.0)
  - Bolts-Swift (1.5.0)
  - Bolts/AppLinks (1.9.0):
    - Bolts/Tasks
  - Bolts/Tasks (1.9.0)
  - Cosmos (21.0.0)
  - FBSDKCoreKit (5.15.1):
    - FBSDKCoreKit/Basics (= 5.15.1)
    - FBSDKCoreKit/Core (= 5.15.1)
  - FBSDKCoreKit/Basics (5.15.1)
  - FBSDKCoreKit/Core (5.15.1):
    - FBSDKCoreKit/Basics
  - FBSDKLoginKit (5.15.1):
    - FBSDKLoginKit/Login (= 5.15.1)
  - FBSDKLoginKit/Login (5.15.1):
    - FBSDKCoreKit (~> 5.0)
  - GoogleMaps (3.8.0):
    - GoogleMaps/Maps (= 3.8.0)
  - GoogleMaps/Base (3.8.0)
  - GoogleMaps/Maps (3.8.0):
    - GoogleMaps/Base
  - Intercom (6.1.0)
  - KMPlaceholderTextView (1.4.0)
  - Mapbox-iOS-SDK (5.7.0):
    - MapboxMobileEvents (= 0.10.2)
  - MapboxGeocoder.swift (0.12.0)
  - MapboxMobileEvents (0.10.2)
  - NextLevelSessionExporter (0.4.5)
  - NVActivityIndicatorView (4.8.0):
    - NVActivityIndicatorView/Presenter (= 4.8.0)
  - NVActivityIndicatorView/Presenter (4.8.0)
  - Parse (1.17.3):
    - Parse/Core (= 1.17.3)
  - Parse/Core (1.17.3):
    - Bolts/Tasks (~> 1.9)
  - Parse/FacebookUtils (1.17.3):
    - Bolts (~> 1.9)
    - FBSDKLoginKit (~> 5.x)
    - Parse/Core
  - Parse/UI (1.17.3):
    - Parse/Core
  - ParseLiveQuery (2.7.0):
    - Bolts (~> 1.9.0)
    - Bolts-Swift (~> 1.5.0)
    - Parse (~> 1.17.3)
    - Starscream (~> 3.1.0)
  - PhoneNumberKit (3.2.0):
    - PhoneNumberKit/PhoneNumberKitCore (= 3.2.0)
    - PhoneNumberKit/UIKit (= 3.2.0)
  - PhoneNumberKit/PhoneNumberKitCore (3.2.0)
  - PhoneNumberKit/UIKit (3.2.0):
    - PhoneNumberKit/PhoneNumberKitCore
  - PryntTrimmerView (4.0.0)
  - Starscream (3.1.1)
  - SteviaLayout (4.7.3)
  - Stripe (19.0.1)
  - SwiftDate (6.1.0)
  - YPImagePicker (4.2.0):
    - PryntTrimmerView (~> 4.0.0)
    - SteviaLayout (~> 4.7.3)

DEPENDENCIES:
  - Cosmos
  - GoogleMaps
  - Intercom
  - KMPlaceholderTextView
  - Mapbox-iOS-SDK
  - MapboxGeocoder.swift
  - NextLevelSessionExporter
  - NVActivityIndicatorView
  - Parse
  - Parse/FacebookUtils
  - Parse/UI
  - ParseLiveQuery
  - PhoneNumberKit
  - Stripe
  - SwiftDate
  - YPImagePicker

SPEC REPOS:
  trunk:
    - Bolts
    - Bolts-Swift
    - Cosmos
    - FBSDKCoreKit
    - FBSDKLoginKit
    - GoogleMaps
    - Intercom
    - KMPlaceholderTextView
    - Mapbox-iOS-SDK
    - MapboxGeocoder.swift
    - MapboxMobileEvents
    - NextLevelSessionExporter
    - NVActivityIndicatorView
    - Parse
    - ParseLiveQuery
    - PhoneNumberKit
    - PryntTrimmerView
    - Starscream
    - SteviaLayout
    - Stripe
    - SwiftDate
    - YPImagePicker

SPEC CHECKSUMS:
  Bolts: ac6567323eac61e203f6a9763667d0f711be34c8
  Bolts-Swift: afbbaf8c8186e7f769be4afa656949c14087ba44
  Cosmos: 3dfb6e4ba48bd48b8c9aa2a77048ae11ed114f96
  FBSDKCoreKit: 1d5acf7c9d7a2f92bb1a242dc60cae5b7adb91df
  FBSDKLoginKit: f1ea8026a58b52d30c9f2e6a58ca7d813619fb83
  GoogleMaps: 7c8d66d70e4e8c300f43a7219d8fdaad7b325a9a
  Intercom: b168156c4eb1b51352974cdfa47d4f3241a3df8b
  KMPlaceholderTextView: 2206c3df39979e9396e2d96fa9f427a8951121b0
  Mapbox-iOS-SDK: 1b7cb0e739247d20ef75f5f14aa6ce34e1f0660f
  MapboxGeocoder.swift: e8ca1fcdfb8f674cad390569199dccf3d807ff77
  MapboxMobileEvents: 2bc0ca2eedb627b73cf403258dce2b2fa98074a6
  NextLevelSessionExporter: 9abd19742084fc9563f644b21e0f994339338d4e
  NVActivityIndicatorView: d24b7ebcf80af5dcd994adb650e2b6c93379270f
  Parse: c1ad2a04d2cab2b54b6fb7da05f741abf2cf57d1
  ParseLiveQuery: f251b75fb8941c95b8948837a4685836a72f7f18
  PhoneNumberKit: df411d46177d1492da84e10b6c093846dd861452
  PryntTrimmerView: 67e67573ffd4c073f1308effa66aefd0cfa667a0
  Starscream: 4bb2f9942274833f7b4d296a55504dcfc7edb7b0
  SteviaLayout: c2ecdcff57d44e38fd2f65e54ad52aeae28ca0c4
  Stripe: 03313f9520a0786e2c00d9a7a2672c11e08821af
  SwiftDate: fa2bb3962056bb44047b4b85a30044e5eae30b03
  YPImagePicker: accf310f9526641a84372c0ecf943547d9b1e52c

PODFILE CHECKSUM: 41b9b316d8fbb153c5afb3f69897e8e4894481d4

COCOAPODS: 1.9.0
