// !$*UTF8*$!
{
	archiveVersion = 1;
	classes = {
	};
	objectVersion = 48;
	objects = {

/* Begin PBXBuildFile section */
		A3578724C4FBDC17240005F6 /* Pods_GoRush.framework in Frameworks */ = {isa = PBXBuildFile; fileRef = 7039BD12B5C35DE2BA7649FC /* Pods_GoRush.framework */; };
		D3046B2E239A9867000E4DEA /* GrassHeight.swift in Sources */ = {isa = PBXBuildFile; fileRef = D3046B2D239A9867000E4DEA /* GrassHeight.swift */; };
		D3046B31239A98B3000E4DEA /* grassHeightCollectionViewCell.swift in Sources */ = {isa = PBXBuildFile; fileRef = D3046B30239A98B3000E4DEA /* grassHeightCollectionViewCell.swift */; };
		D3046B3E239B0E35000E4DEA /* PaymentsViewController.swift in Sources */ = {isa = PBXBuildFile; fileRef = D3046B3B239B0E34000E4DEA /* PaymentsViewController.swift */; };
		D3046B3F239B0E35000E4DEA /* cardTableViewCell.swift in Sources */ = {isa = PBXBuildFile; fileRef = D3046B3C239B0E35000E4DEA /* cardTableViewCell.swift */; };
		D3046B40239B0E35000E4DEA /* AddPaymentViewController.swift in Sources */ = {isa = PBXBuildFile; fileRef = D3046B3D239B0E35000E4DEA /* AddPaymentViewController.swift */; };
		D30D939A2308AD8D00471601 /* WebViewController.swift in Sources */ = {isa = PBXBuildFile; fileRef = D30D93992308AD8D00471601 /* WebViewController.swift */; };
		D31911CA201FC1610083AB40 /* Countries.swift in Sources */ = {isa = PBXBuildFile; fileRef = D31911C6201FC1600083AB40 /* Countries.swift */; };
		D319628A22BAB9FB00339830 /* Localizable.strings in Resources */ = {isa = PBXBuildFile; fileRef = D319628C22BAB9FB00339830 /* Localizable.strings */; };
		D31A283722D51DE300CBE86D /* ParentLoadingViewController.swift in Sources */ = {isa = PBXBuildFile; fileRef = D31A283622D51DE200CBE86D /* ParentLoadingViewController.swift */; };
		D3239C102018FE0900E40A5A /* SignupViewController.swift in Sources */ = {isa = PBXBuildFile; fileRef = D3239C0F2018FE0900E40A5A /* SignupViewController.swift */; };
		D3336B8A23F85BF200BC595B /* LandViewController.swift in Sources */ = {isa = PBXBuildFile; fileRef = D3336B8923F85BF200BC595B /* LandViewController.swift */; };
		D334506823ED812E00F11D84 /* SignupAddressViewController.swift in Sources */ = {isa = PBXBuildFile; fileRef = D334506723ED812E00F11D84 /* SignupAddressViewController.swift */; };
		D334506A23ED8B3E00F11D84 /* DateTextField.swift in Sources */ = {isa = PBXBuildFile; fileRef = D334506923ED8B3E00F11D84 /* DateTextField.swift */; };
		D33920F6201768CA003A5D48 /* AppDelegate.swift in Sources */ = {isa = PBXBuildFile; fileRef = D33920F5201768CA003A5D48 /* AppDelegate.swift */; };
		D3392102201768CA003A5D48 /* LaunchScreen.storyboard in Resources */ = {isa = PBXBuildFile; fileRef = D3392100201768CA003A5D48 /* LaunchScreen.storyboard */; };
		D339210C20176A85003A5D48 /* TabBarController.swift in Sources */ = {isa = PBXBuildFile; fileRef = D339210B20176A85003A5D48 /* TabBarController.swift */; };
		D339211020178C96003A5D48 /* Brain.swift in Sources */ = {isa = PBXBuildFile; fileRef = D339210F20178C96003A5D48 /* Brain.swift */; };
		D3579D42230CDC720048774E /* assets.xcassets in Resources */ = {isa = PBXBuildFile; fileRef = D3579D41230CDC720048774E /* assets.xcassets */; };
		D361490E236B17BA009ADC35 /* videoGoRush.mov in Resources */ = {isa = PBXBuildFile; fileRef = D361490D236B17BA009ADC35 /* videoGoRush.mov */; };
		D368A3502397078400286263 /* MowingAreaViewController.swift in Sources */ = {isa = PBXBuildFile; fileRef = D368A34F2397078400286263 /* MowingAreaViewController.swift */; };
		D3719CC02028FB50009EF788 /* SignupFirstNameViewController.swift in Sources */ = {isa = PBXBuildFile; fileRef = D3719CBF2028FB50009EF788 /* SignupFirstNameViewController.swift */; };
		D3719CC220290578009EF788 /* SignupPasswordViewController.swift in Sources */ = {isa = PBXBuildFile; fileRef = D3719CC120290578009EF788 /* SignupPasswordViewController.swift */; };
		D3719CC420290E75009EF788 /* SignupPhone1ViewController.swift in Sources */ = {isa = PBXBuildFile; fileRef = D3719CC320290E75009EF788 /* SignupPhone1ViewController.swift */; };
		D3719CC6202911B0009EF788 /* SignupPhone2ViewController.swift in Sources */ = {isa = PBXBuildFile; fileRef = D3719CC5202911B0009EF788 /* SignupPhone2ViewController.swift */; };
		D3886D14242CDF1900EBC882 /* Utils.swift in Sources */ = {isa = PBXBuildFile; fileRef = D3886D13242CDF1800EBC882 /* Utils.swift */; };
		D38944EE236F169200D34F2E /* SignupEmailViewController.swift in Sources */ = {isa = PBXBuildFile; fileRef = D38944ED236F169200D34F2E /* SignupEmailViewController.swift */; };
		D38944F0236F186F00D34F2E /* SigninEmailViewController.swift in Sources */ = {isa = PBXBuildFile; fileRef = D38944EF236F186F00D34F2E /* SigninEmailViewController.swift */; };
		D3A58670242F57C200B4A18B /* OptionsMowingViewController.swift in Sources */ = {isa = PBXBuildFile; fileRef = D3A5866F242F57C200B4A18B /* OptionsMowingViewController.swift */; };
		D3A58673242FBD9E00B4A18B /* PhotosViewController.swift in Sources */ = {isa = PBXBuildFile; fileRef = D3A58672242FBD9E00B4A18B /* PhotosViewController.swift */; };
		D3A7E68A23609DB9000F54E4 /* CameraViewController.swift in Sources */ = {isa = PBXBuildFile; fileRef = D3A7E68923609DB9000F54E4 /* CameraViewController.swift */; };
		D3A7E6972360A0E3000F54E4 /* Orientation.swift in Sources */ = {isa = PBXBuildFile; fileRef = D3A7E68F2360A0D8000F54E4 /* Orientation.swift */; };
		D3A7E6982360A0E3000F54E4 /* SwiftyCamViewController.swift in Sources */ = {isa = PBXBuildFile; fileRef = D3A7E6902360A0DA000F54E4 /* SwiftyCamViewController.swift */; };
		D3A7E6992360A0E3000F54E4 /* SwiftyCamButton.swift in Sources */ = {isa = PBXBuildFile; fileRef = D3A7E6912360A0DC000F54E4 /* SwiftyCamButton.swift */; };
		D3A7E69A2360A0E3000F54E4 /* SwiftyCamViewControllerDelegate.swift in Sources */ = {isa = PBXBuildFile; fileRef = D3A7E6932360A0DF000F54E4 /* SwiftyCamViewControllerDelegate.swift */; };
		D3A7E69B2360A0E3000F54E4 /* SwiftyRecordButton.swift in Sources */ = {isa = PBXBuildFile; fileRef = D3A7E6942360A0E0000F54E4 /* SwiftyRecordButton.swift */; };
		D3A7E69C2360A0E3000F54E4 /* PreviewView.swift in Sources */ = {isa = PBXBuildFile; fileRef = D3A7E6952360A0E1000F54E4 /* PreviewView.swift */; };
		D3AC2995235380C700B610C8 /* ProfileViewController.swift in Sources */ = {isa = PBXBuildFile; fileRef = D3AC2994235380C700B610C8 /* ProfileViewController.swift */; };
		D3AC299E2353AAA300B610C8 /* SignupTypeWorkerViewController.swift in Sources */ = {isa = PBXBuildFile; fileRef = D3AC299D2353AAA300B610C8 /* SignupTypeWorkerViewController.swift */; };
		D3BA284223D09111009FCCAB /* NewReviewToUserViewController.swift in Sources */ = {isa = PBXBuildFile; fileRef = D3BA284123D09111009FCCAB /* NewReviewToUserViewController.swift */; };
		D3C11E3123D0BCF600915515 /* ReviewsViewController.swift in Sources */ = {isa = PBXBuildFile; fileRef = D3C11E3023D0BCF600915515 /* ReviewsViewController.swift */; };
		D3C11E3323D0C2AA00915515 /* reviewTableViewCell.swift in Sources */ = {isa = PBXBuildFile; fileRef = D3C11E3223D0C2AA00915515 /* reviewTableViewCell.swift */; };
		D3C11E3523D341DD00915515 /* BankAccountViewController.swift in Sources */ = {isa = PBXBuildFile; fileRef = D3C11E3423D341DC00915515 /* BankAccountViewController.swift */; };
		D3CA707523B9129900D30643 /* EditProfileViewController.swift in Sources */ = {isa = PBXBuildFile; fileRef = D3CA707323B9129800D30643 /* EditProfileViewController.swift */; };
		D3CA707623B9129900D30643 /* editProfileTableViewCell.swift in Sources */ = {isa = PBXBuildFile; fileRef = D3CA707423B9129900D30643 /* editProfileTableViewCell.swift */; };
		D3CA707D23B9677500D30643 /* ExploreViewController.swift in Sources */ = {isa = PBXBuildFile; fileRef = D3CA707C23B9677400D30643 /* ExploreViewController.swift */; };
		D3CA707F23B9678E00D30643 /* JobsViewController.swift in Sources */ = {isa = PBXBuildFile; fileRef = D3CA707E23B9678E00D30643 /* JobsViewController.swift */; };
		D3CA708123B9679E00D30643 /* SkillsViewController.swift in Sources */ = {isa = PBXBuildFile; fileRef = D3CA708023B9679E00D30643 /* SkillsViewController.swift */; };
		D3CA708923B96AC600D30643 /* RequestsViewController.swift in Sources */ = {isa = PBXBuildFile; fileRef = D3CA708623B96AC600D30643 /* RequestsViewController.swift */; };
		D3CA708A23B96AC600D30643 /* RequestViewController.swift in Sources */ = {isa = PBXBuildFile; fileRef = D3CA708723B96AC600D30643 /* RequestViewController.swift */; };
		D3CA708B23B96AC600D30643 /* requestCollectionViewCell.swift in Sources */ = {isa = PBXBuildFile; fileRef = D3CA708823B96AC600D30643 /* requestCollectionViewCell.swift */; };
		D3CA708E23B9748D00D30643 /* exploreCollectionViewCell.swift in Sources */ = {isa = PBXBuildFile; fileRef = D3CA708D23B9748D00D30643 /* exploreCollectionViewCell.swift */; };
		D3CA709023B9790B00D30643 /* skillCollectionViewCell.swift in Sources */ = {isa = PBXBuildFile; fileRef = D3CA708F23B9790B00D30643 /* skillCollectionViewCell.swift */; };
		D3CA709223BA517100D30643 /* RequestWorkerViewController.swift in Sources */ = {isa = PBXBuildFile; fileRef = D3CA709123BA517100D30643 /* RequestWorkerViewController.swift */; };
		D3CBED3523CE9072007D50D6 /* requestAcceptedCollectionViewCell.swift in Sources */ = {isa = PBXBuildFile; fileRef = D3CBED3423CE9072007D50D6 /* requestAcceptedCollectionViewCell.swift */; };
		D3D5F742236700F70073EA99 /* VideoViewController.swift in Sources */ = {isa = PBXBuildFile; fileRef = D3D5F741236700F70073EA99 /* VideoViewController.swift */; };
		D3D5F744236715540073EA99 /* WhereViewController.swift in Sources */ = {isa = PBXBuildFile; fileRef = D3D5F743236715540073EA99 /* WhereViewController.swift */; };
		D3D5F7462367677B0073EA99 /* addressTableViewCell.swift in Sources */ = {isa = PBXBuildFile; fileRef = D3D5F7452367677A0073EA99 /* addressTableViewCell.swift */; };
		D3D5F74823678A470073EA99 /* SendRequestViewController.swift in Sources */ = {isa = PBXBuildFile; fileRef = D3D5F74723678A470073EA99 /* SendRequestViewController.swift */; };
		D3D820D1235F598F00C805E5 /* SelectServiceViewController.swift in Sources */ = {isa = PBXBuildFile; fileRef = D3D820D0235F598F00C805E5 /* SelectServiceViewController.swift */; };
		D3D820D4235F5A0F00C805E5 /* serviceCollectionViewCell.swift in Sources */ = {isa = PBXBuildFile; fileRef = D3D820D3235F5A0E00C805E5 /* serviceCollectionViewCell.swift */; };
		D3DB31B8236B1A33000F5468 /* settingsTableViewCell.swift in Sources */ = {isa = PBXBuildFile; fileRef = D3DB31B6236B1A32000F5468 /* settingsTableViewCell.swift */; };
		D3DB31B9236B1A33000F5468 /* SettingsViewController.swift in Sources */ = {isa = PBXBuildFile; fileRef = D3DB31B7236B1A33000F5468 /* SettingsViewController.swift */; };
/* End PBXBuildFile section */

/* Begin PBXFileReference section */
		0FA5A2C4462BA5C09F8F7910 /* Pods-GoRush.debug.xcconfig */ = {isa = PBXFileReference; includeInIndex = 1; lastKnownFileType = text.xcconfig; name = "Pods-GoRush.debug.xcconfig"; path = "Target Support Files/Pods-GoRush/Pods-GoRush.debug.xcconfig"; sourceTree = "<group>"; };
		7039BD12B5C35DE2BA7649FC /* Pods_GoRush.framework */ = {isa = PBXFileReference; explicitFileType = wrapper.framework; includeInIndex = 0; path = Pods_GoRush.framework; sourceTree = BUILT_PRODUCTS_DIR; };
		D3046B2D239A9867000E4DEA /* GrassHeight.swift */ = {isa = PBXFileReference; fileEncoding = 4; lastKnownFileType = sourcecode.swift; path = GrassHeight.swift; sourceTree = "<group>"; };
		D3046B30239A98B3000E4DEA /* grassHeightCollectionViewCell.swift */ = {isa = PBXFileReference; fileEncoding = 4; lastKnownFileType = sourcecode.swift; path = grassHeightCollectionViewCell.swift; sourceTree = "<group>"; };
		D3046B3B239B0E34000E4DEA /* PaymentsViewController.swift */ = {isa = PBXFileReference; fileEncoding = 4; lastKnownFileType = sourcecode.swift; path = PaymentsViewController.swift; sourceTree = "<group>"; };
		D3046B3C239B0E35000E4DEA /* cardTableViewCell.swift */ = {isa = PBXFileReference; fileEncoding = 4; lastKnownFileType = sourcecode.swift; path = cardTableViewCell.swift; sourceTree = "<group>"; };
		D3046B3D239B0E35000E4DEA /* AddPaymentViewController.swift */ = {isa = PBXFileReference; fileEncoding = 4; lastKnownFileType = sourcecode.swift; path = AddPaymentViewController.swift; sourceTree = "<group>"; };
		D30D93992308AD8D00471601 /* WebViewController.swift */ = {isa = PBXFileReference; lastKnownFileType = sourcecode.swift; path = WebViewController.swift; sourceTree = "<group>"; };
		D31911C6201FC1600083AB40 /* Countries.swift */ = {isa = PBXFileReference; lastKnownFileType = sourcecode.swift; path = Countries.swift; sourceTree = "<group>"; };
		D319628B22BAB9FB00339830 /* en */ = {isa = PBXFileReference; lastKnownFileType = text.plist.strings; name = en; path = en.lproj/Localizable.strings; sourceTree = "<group>"; };
		D319628D22BABA0200339830 /* fr */ = {isa = PBXFileReference; lastKnownFileType = text.plist.strings; name = fr; path = fr.lproj/Localizable.strings; sourceTree = "<group>"; };
		D31A283622D51DE200CBE86D /* ParentLoadingViewController.swift */ = {isa = PBXFileReference; fileEncoding = 4; lastKnownFileType = sourcecode.swift; path = ParentLoadingViewController.swift; sourceTree = "<group>"; };
		D3239C0F2018FE0900E40A5A /* SignupViewController.swift */ = {isa = PBXFileReference; lastKnownFileType = sourcecode.swift; path = SignupViewController.swift; sourceTree = "<group>"; };
		D3336B8923F85BF200BC595B /* LandViewController.swift */ = {isa = PBXFileReference; lastKnownFileType = sourcecode.swift; path = LandViewController.swift; sourceTree = "<group>"; };
		D334506723ED812E00F11D84 /* SignupAddressViewController.swift */ = {isa = PBXFileReference; lastKnownFileType = sourcecode.swift; path = SignupAddressViewController.swift; sourceTree = "<group>"; };
		D334506923ED8B3E00F11D84 /* DateTextField.swift */ = {isa = PBXFileReference; lastKnownFileType = sourcecode.swift; path = DateTextField.swift; sourceTree = "<group>"; };
		D33920F2201768CA003A5D48 /* GoRush.app */ = {isa = PBXFileReference; explicitFileType = wrapper.application; includeInIndex = 0; path = GoRush.app; sourceTree = BUILT_PRODUCTS_DIR; };
		D33920F5201768CA003A5D48 /* AppDelegate.swift */ = {isa = PBXFileReference; lastKnownFileType = sourcecode.swift; path = AppDelegate.swift; sourceTree = "<group>"; };
		D3392101201768CA003A5D48 /* Base */ = {isa = PBXFileReference; lastKnownFileType = file.storyboard; name = Base; path = Base.lproj/LaunchScreen.storyboard; sourceTree = "<group>"; };
		D3392103201768CA003A5D48 /* Info.plist */ = {isa = PBXFileReference; lastKnownFileType = text.plist.xml; path = Info.plist; sourceTree = "<group>"; };
		D339210B20176A85003A5D48 /* TabBarController.swift */ = {isa = PBXFileReference; lastKnownFileType = sourcecode.swift; name = TabBarController.swift; path = ../Tabbar/TabBarController.swift; sourceTree = "<group>"; };
		D339210F20178C96003A5D48 /* Brain.swift */ = {isa = PBXFileReference; lastKnownFileType = sourcecode.swift; path = Brain.swift; sourceTree = "<group>"; };
		D3579D41230CDC720048774E /* assets.xcassets */ = {isa = PBXFileReference; lastKnownFileType = folder.assetcatalog; path = assets.xcassets; sourceTree = "<group>"; };
		D361490D236B17BA009ADC35 /* videoGoRush.mov */ = {isa = PBXFileReference; lastKnownFileType = video.quicktime; path = videoGoRush.mov; sourceTree = "<group>"; };
		D368A34F2397078400286263 /* MowingAreaViewController.swift */ = {isa = PBXFileReference; lastKnownFileType = sourcecode.swift; path = MowingAreaViewController.swift; sourceTree = "<group>"; };
		D3719CBF2028FB50009EF788 /* SignupFirstNameViewController.swift */ = {isa = PBXFileReference; lastKnownFileType = sourcecode.swift; path = SignupFirstNameViewController.swift; sourceTree = "<group>"; };
		D3719CC120290578009EF788 /* SignupPasswordViewController.swift */ = {isa = PBXFileReference; lastKnownFileType = sourcecode.swift; path = SignupPasswordViewController.swift; sourceTree = "<group>"; };
		D3719CC320290E75009EF788 /* SignupPhone1ViewController.swift */ = {isa = PBXFileReference; lastKnownFileType = sourcecode.swift; path = SignupPhone1ViewController.swift; sourceTree = "<group>"; };
		D3719CC5202911B0009EF788 /* SignupPhone2ViewController.swift */ = {isa = PBXFileReference; lastKnownFileType = sourcecode.swift; path = SignupPhone2ViewController.swift; sourceTree = "<group>"; };
		D3886D13242CDF1800EBC882 /* Utils.swift */ = {isa = PBXFileReference; lastKnownFileType = sourcecode.swift; path = Utils.swift; sourceTree = "<group>"; };
		D38944ED236F169200D34F2E /* SignupEmailViewController.swift */ = {isa = PBXFileReference; fileEncoding = 4; lastKnownFileType = sourcecode.swift; path = SignupEmailViewController.swift; sourceTree = "<group>"; };
		D38944EF236F186F00D34F2E /* SigninEmailViewController.swift */ = {isa = PBXFileReference; lastKnownFileType = sourcecode.swift; path = SigninEmailViewController.swift; sourceTree = "<group>"; };
		D3A5866F242F57C200B4A18B /* OptionsMowingViewController.swift */ = {isa = PBXFileReference; lastKnownFileType = sourcecode.swift; path = OptionsMowingViewController.swift; sourceTree = "<group>"; };
		D3A58672242FBD9E00B4A18B /* PhotosViewController.swift */ = {isa = PBXFileReference; lastKnownFileType = sourcecode.swift; path = PhotosViewController.swift; sourceTree = "<group>"; };
		D3A7E68923609DB9000F54E4 /* CameraViewController.swift */ = {isa = PBXFileReference; lastKnownFileType = sourcecode.swift; path = CameraViewController.swift; sourceTree = "<group>"; };
		D3A7E68F2360A0D8000F54E4 /* Orientation.swift */ = {isa = PBXFileReference; fileEncoding = 4; lastKnownFileType = sourcecode.swift; path = Orientation.swift; sourceTree = "<group>"; };
		D3A7E6902360A0DA000F54E4 /* SwiftyCamViewController.swift */ = {isa = PBXFileReference; fileEncoding = 4; lastKnownFileType = sourcecode.swift; path = SwiftyCamViewController.swift; sourceTree = "<group>"; };
		D3A7E6912360A0DC000F54E4 /* SwiftyCamButton.swift */ = {isa = PBXFileReference; fileEncoding = 4; lastKnownFileType = sourcecode.swift; path = SwiftyCamButton.swift; sourceTree = "<group>"; };
		D3A7E6932360A0DF000F54E4 /* SwiftyCamViewControllerDelegate.swift */ = {isa = PBXFileReference; fileEncoding = 4; lastKnownFileType = sourcecode.swift; path = SwiftyCamViewControllerDelegate.swift; sourceTree = "<group>"; };
		D3A7E6942360A0E0000F54E4 /* SwiftyRecordButton.swift */ = {isa = PBXFileReference; fileEncoding = 4; lastKnownFileType = sourcecode.swift; path = SwiftyRecordButton.swift; sourceTree = "<group>"; };
		D3A7E6952360A0E1000F54E4 /* PreviewView.swift */ = {isa = PBXFileReference; fileEncoding = 4; lastKnownFileType = sourcecode.swift; path = PreviewView.swift; sourceTree = "<group>"; };
		D3AC2994235380C700B610C8 /* ProfileViewController.swift */ = {isa = PBXFileReference; lastKnownFileType = sourcecode.swift; path = ProfileViewController.swift; sourceTree = "<group>"; };
		D3AC299D2353AAA300B610C8 /* SignupTypeWorkerViewController.swift */ = {isa = PBXFileReference; lastKnownFileType = sourcecode.swift; path = SignupTypeWorkerViewController.swift; sourceTree = "<group>"; };
		D3BA284123D09111009FCCAB /* NewReviewToUserViewController.swift */ = {isa = PBXFileReference; lastKnownFileType = sourcecode.swift; path = NewReviewToUserViewController.swift; sourceTree = "<group>"; };
		D3C11E3023D0BCF600915515 /* ReviewsViewController.swift */ = {isa = PBXFileReference; lastKnownFileType = sourcecode.swift; path = ReviewsViewController.swift; sourceTree = "<group>"; };
		D3C11E3223D0C2AA00915515 /* reviewTableViewCell.swift */ = {isa = PBXFileReference; lastKnownFileType = sourcecode.swift; path = reviewTableViewCell.swift; sourceTree = "<group>"; };
		D3C11E3423D341DC00915515 /* BankAccountViewController.swift */ = {isa = PBXFileReference; lastKnownFileType = sourcecode.swift; path = BankAccountViewController.swift; sourceTree = "<group>"; };
		D3CA707323B9129800D30643 /* EditProfileViewController.swift */ = {isa = PBXFileReference; fileEncoding = 4; lastKnownFileType = sourcecode.swift; path = EditProfileViewController.swift; sourceTree = "<group>"; };
		D3CA707423B9129900D30643 /* editProfileTableViewCell.swift */ = {isa = PBXFileReference; fileEncoding = 4; lastKnownFileType = sourcecode.swift; path = editProfileTableViewCell.swift; sourceTree = "<group>"; };
		D3CA707C23B9677400D30643 /* ExploreViewController.swift */ = {isa = PBXFileReference; lastKnownFileType = sourcecode.swift; path = ExploreViewController.swift; sourceTree = "<group>"; };
		D3CA707E23B9678E00D30643 /* JobsViewController.swift */ = {isa = PBXFileReference; lastKnownFileType = sourcecode.swift; path = JobsViewController.swift; sourceTree = "<group>"; };
		D3CA708023B9679E00D30643 /* SkillsViewController.swift */ = {isa = PBXFileReference; lastKnownFileType = sourcecode.swift; path = SkillsViewController.swift; sourceTree = "<group>"; };
		D3CA708623B96AC600D30643 /* RequestsViewController.swift */ = {isa = PBXFileReference; fileEncoding = 4; lastKnownFileType = sourcecode.swift; name = RequestsViewController.swift; path = GoRush/Customer/Requests/RequestsViewController.swift; sourceTree = SOURCE_ROOT; };
		D3CA708723B96AC600D30643 /* RequestViewController.swift */ = {isa = PBXFileReference; fileEncoding = 4; lastKnownFileType = sourcecode.swift; name = RequestViewController.swift; path = GoRush/Customer/Requests/RequestViewController.swift; sourceTree = SOURCE_ROOT; };
		D3CA708823B96AC600D30643 /* requestCollectionViewCell.swift */ = {isa = PBXFileReference; fileEncoding = 4; lastKnownFileType = sourcecode.swift; name = requestCollectionViewCell.swift; path = GoRush/Customer/Requests/requestCollectionViewCell.swift; sourceTree = SOURCE_ROOT; };
		D3CA708D23B9748D00D30643 /* exploreCollectionViewCell.swift */ = {isa = PBXFileReference; lastKnownFileType = sourcecode.swift; path = exploreCollectionViewCell.swift; sourceTree = "<group>"; };
		D3CA708F23B9790B00D30643 /* skillCollectionViewCell.swift */ = {isa = PBXFileReference; lastKnownFileType = sourcecode.swift; path = skillCollectionViewCell.swift; sourceTree = "<group>"; };
		D3CA709123BA517100D30643 /* RequestWorkerViewController.swift */ = {isa = PBXFileReference; lastKnownFileType = sourcecode.swift; path = RequestWorkerViewController.swift; sourceTree = "<group>"; };
		D3CBED3423CE9072007D50D6 /* requestAcceptedCollectionViewCell.swift */ = {isa = PBXFileReference; lastKnownFileType = sourcecode.swift; path = requestAcceptedCollectionViewCell.swift; sourceTree = "<group>"; };
		D3D5F741236700F70073EA99 /* VideoViewController.swift */ = {isa = PBXFileReference; fileEncoding = 4; lastKnownFileType = sourcecode.swift; path = VideoViewController.swift; sourceTree = "<group>"; };
		D3D5F743236715540073EA99 /* WhereViewController.swift */ = {isa = PBXFileReference; lastKnownFileType = sourcecode.swift; path = WhereViewController.swift; sourceTree = "<group>"; };
		D3D5F7452367677A0073EA99 /* addressTableViewCell.swift */ = {isa = PBXFileReference; fileEncoding = 4; lastKnownFileType = sourcecode.swift; path = addressTableViewCell.swift; sourceTree = "<group>"; };
		D3D5F74723678A470073EA99 /* SendRequestViewController.swift */ = {isa = PBXFileReference; lastKnownFileType = sourcecode.swift; path = SendRequestViewController.swift; sourceTree = "<group>"; };
		D3D820D0235F598F00C805E5 /* SelectServiceViewController.swift */ = {isa = PBXFileReference; fileEncoding = 4; lastKnownFileType = sourcecode.swift; path = SelectServiceViewController.swift; sourceTree = "<group>"; };
		D3D820D3235F5A0E00C805E5 /* serviceCollectionViewCell.swift */ = {isa = PBXFileReference; fileEncoding = 4; lastKnownFileType = sourcecode.swift; path = serviceCollectionViewCell.swift; sourceTree = "<group>"; };
		D3DB31B6236B1A32000F5468 /* settingsTableViewCell.swift */ = {isa = PBXFileReference; fileEncoding = 4; lastKnownFileType = sourcecode.swift; path = settingsTableViewCell.swift; sourceTree = "<group>"; };
		D3DB31B7236B1A33000F5468 /* SettingsViewController.swift */ = {isa = PBXFileReference; fileEncoding = 4; lastKnownFileType = sourcecode.swift; path = SettingsViewController.swift; sourceTree = "<group>"; };
		E4A4EA28505B996D363FB515 /* Pods-GoRush.release.xcconfig */ = {isa = PBXFileReference; includeInIndex = 1; lastKnownFileType = text.xcconfig; name = "Pods-GoRush.release.xcconfig"; path = "Target Support Files/Pods-GoRush/Pods-GoRush.release.xcconfig"; sourceTree = "<group>"; };
/* End PBXFileReference section */

/* Begin PBXFrameworksBuildPhase section */
		D33920EF201768CA003A5D48 /* Frameworks */ = {
			isa = PBXFrameworksBuildPhase;
			buildActionMask = 2147483647;
			files = (
				A3578724C4FBDC17240005F6 /* Pods_GoRush.framework in Frameworks */,
			);
			runOnlyForDeploymentPostprocessing = 0;
		};
/* End PBXFrameworksBuildPhase section */

/* Begin PBXGroup section */
		A64E2A71F2580752D0D30AAC /* Frameworks */ = {
			isa = PBXGroup;
			children = (
				7039BD12B5C35DE2BA7649FC /* Pods_GoRush.framework */,
			);
			name = Frameworks;
			sourceTree = "<group>";
		};
		D3046B2F239A986A000E4DEA /* Mowing */ = {
			isa = PBXGroup;
			children = (
				D3046B2D239A9867000E4DEA /* GrassHeight.swift */,
				D3046B30239A98B3000E4DEA /* grassHeightCollectionViewCell.swift */,
				D368A34F2397078400286263 /* MowingAreaViewController.swift */,
				D3336B8923F85BF200BC595B /* LandViewController.swift */,
				D3A5866F242F57C200B4A18B /* OptionsMowingViewController.swift */,
			);
			path = Mowing;
			sourceTree = "<group>";
		};
		D3046B32239AFBC0000E4DEA /* PaymentMethod */ = {
			isa = PBXGroup;
			children = (
				D3046B3D239B0E35000E4DEA /* AddPaymentViewController.swift */,
				D3046B3C239B0E35000E4DEA /* cardTableViewCell.swift */,
				D3046B3B239B0E34000E4DEA /* PaymentsViewController.swift */,
			);
			path = PaymentMethod;
			sourceTree = "<group>";
		};
		D31F6592201796B000340E50 /* Utils */ = {
			isa = PBXGroup;
			children = (
				D31911C6201FC1600083AB40 /* Countries.swift */,
				D3A7E69E2360A0EE000F54E4 /* Cam */,
				D334506923ED8B3E00F11D84 /* DateTextField.swift */,
				D30D93992308AD8D00471601 /* WebViewController.swift */,
				D31A283622D51DE200CBE86D /* ParentLoadingViewController.swift */,
				D3886D13242CDF1800EBC882 /* Utils.swift */,
			);
			path = Utils;
			sourceTree = "<group>";
		};
		D33920E9201768CA003A5D48 = {
			isa = PBXGroup;
			children = (
				D33920F4201768CA003A5D48 /* GoRush */,
				D33920F3201768CA003A5D48 /* Products */,
				A64E2A71F2580752D0D30AAC /* Frameworks */,
				F7BFE2CC9C4C06616E192AF3 /* Pods */,
			);
			sourceTree = "<group>";
		};
		D33920F3201768CA003A5D48 /* Products */ = {
			isa = PBXGroup;
			children = (
				D33920F2201768CA003A5D48 /* GoRush.app */,
			);
			name = Products;
			sourceTree = "<group>";
		};
		D33920F4201768CA003A5D48 /* GoRush */ = {
			isa = PBXGroup;
			children = (
				D361490D236B17BA009ADC35 /* videoGoRush.mov */,
				D31F6592201796B000340E50 /* Utils */,
				D339210F20178C96003A5D48 /* Brain.swift */,
				D33920F5201768CA003A5D48 /* AppDelegate.swift */,
				D3AC29912353806E00B610C8 /* TabBar */,
				D3F283E0202A1567002FC51E /* Signup */,
				D3CA707723B9670100D30643 /* Worker */,
				D3886D16242E0E2800EBC882 /* Camera */,
				D3CA707823B9671500D30643 /* Customer */,
				D3D820D6235F5ABA00C805E5 /* Profile */,
				D3BA284323D0911F009FCCAB /* Review */,
				D3A58671242FBD8800B4A18B /* PhotosViewController */,
				D3DB31BA236B1AA7000F5468 /* Settings */,
				D3392100201768CA003A5D48 /* LaunchScreen.storyboard */,
				D319628C22BAB9FB00339830 /* Localizable.strings */,
				D3579D41230CDC720048774E /* assets.xcassets */,
				D3392103201768CA003A5D48 /* Info.plist */,
			);
			path = GoRush;
			sourceTree = "<group>";
		};
		D3886D15242D12D300EBC882 /* Bank */ = {
			isa = PBXGroup;
			children = (
				D3C11E3423D341DC00915515 /* BankAccountViewController.swift */,
			);
			path = Bank;
			sourceTree = "<group>";
		};
		D3886D16242E0E2800EBC882 /* Camera */ = {
			isa = PBXGroup;
			children = (
				D3A7E68923609DB9000F54E4 /* CameraViewController.swift */,
			);
			path = Camera;
			sourceTree = "<group>";
		};
		D3A58671242FBD8800B4A18B /* PhotosViewController */ = {
			isa = PBXGroup;
			children = (
				D3A58672242FBD9E00B4A18B /* PhotosViewController.swift */,
			);
			path = PhotosViewController;
			sourceTree = "<group>";
		};
		D3A7E69E2360A0EE000F54E4 /* Cam */ = {
			isa = PBXGroup;
			children = (
				D3A7E68F2360A0D8000F54E4 /* Orientation.swift */,
				D3A7E6952360A0E1000F54E4 /* PreviewView.swift */,
				D3A7E6912360A0DC000F54E4 /* SwiftyCamButton.swift */,
				D3A7E6902360A0DA000F54E4 /* SwiftyCamViewController.swift */,
				D3A7E6932360A0DF000F54E4 /* SwiftyCamViewControllerDelegate.swift */,
				D3A7E6942360A0E0000F54E4 /* SwiftyRecordButton.swift */,
			);
			path = Cam;
			sourceTree = "<group>";
		};
		D3AC29912353806E00B610C8 /* TabBar */ = {
			isa = PBXGroup;
			children = (
				D339210B20176A85003A5D48 /* TabBarController.swift */,
			);
			path = TabBar;
			sourceTree = "<group>";
		};
		D3BA284323D0911F009FCCAB /* Review */ = {
			isa = PBXGroup;
			children = (
				D3C11E3223D0C2AA00915515 /* reviewTableViewCell.swift */,
				D3BA284123D09111009FCCAB /* NewReviewToUserViewController.swift */,
				D3C11E3023D0BCF600915515 /* ReviewsViewController.swift */,
			);
			path = Review;
			sourceTree = "<group>";
		};
		D3CA707723B9670100D30643 /* Worker */ = {
			isa = PBXGroup;
			children = (
				D3886D15242D12D300EBC882 /* Bank */,
				D3CA707B23B9673A00D30643 /* Skills */,
				D3CA707A23B9673400D30643 /* Jobs */,
				D3CA707923B9672C00D30643 /* Explore */,
			);
			path = Worker;
			sourceTree = "<group>";
		};
		D3CA707823B9671500D30643 /* Customer */ = {
			isa = PBXGroup;
			children = (
				D3CA708C23B96B2B00D30643 /* Request */,
				D3046B32239AFBC0000E4DEA /* PaymentMethod */,
				D3D820CF235F591C00C805E5 /* NewRequest */,
			);
			path = Customer;
			sourceTree = "<group>";
		};
		D3CA707923B9672C00D30643 /* Explore */ = {
			isa = PBXGroup;
			children = (
				D3CA707C23B9677400D30643 /* ExploreViewController.swift */,
				D3CA708D23B9748D00D30643 /* exploreCollectionViewCell.swift */,
				D3CA709123BA517100D30643 /* RequestWorkerViewController.swift */,
			);
			path = Explore;
			sourceTree = "<group>";
		};
		D3CA707A23B9673400D30643 /* Jobs */ = {
			isa = PBXGroup;
			children = (
				D3CA707E23B9678E00D30643 /* JobsViewController.swift */,
			);
			path = Jobs;
			sourceTree = "<group>";
		};
		D3CA707B23B9673A00D30643 /* Skills */ = {
			isa = PBXGroup;
			children = (
				D3CA708023B9679E00D30643 /* SkillsViewController.swift */,
				D3CA708F23B9790B00D30643 /* skillCollectionViewCell.swift */,
			);
			path = Skills;
			sourceTree = "<group>";
		};
		D3CA708C23B96B2B00D30643 /* Request */ = {
			isa = PBXGroup;
			children = (
				D3CA708823B96AC600D30643 /* requestCollectionViewCell.swift */,
				D3CBED3423CE9072007D50D6 /* requestAcceptedCollectionViewCell.swift */,
				D3CA708623B96AC600D30643 /* RequestsViewController.swift */,
				D3CA708723B96AC600D30643 /* RequestViewController.swift */,
			);
			path = Request;
			sourceTree = "<group>";
		};
		D3D820CF235F591C00C805E5 /* NewRequest */ = {
			isa = PBXGroup;
			children = (
				D3D5F7452367677A0073EA99 /* addressTableViewCell.swift */,
				D3D5F741236700F70073EA99 /* VideoViewController.swift */,
				D3D820D3235F5A0E00C805E5 /* serviceCollectionViewCell.swift */,
				D3D820D0235F598F00C805E5 /* SelectServiceViewController.swift */,
				D3D5F743236715540073EA99 /* WhereViewController.swift */,
				D3D5F74723678A470073EA99 /* SendRequestViewController.swift */,
				D3046B2F239A986A000E4DEA /* Mowing */,
			);
			path = NewRequest;
			sourceTree = "<group>";
		};
		D3D820D6235F5ABA00C805E5 /* Profile */ = {
			isa = PBXGroup;
			children = (
				D3CA707423B9129900D30643 /* editProfileTableViewCell.swift */,
				D3CA707323B9129800D30643 /* EditProfileViewController.swift */,
				D3AC2994235380C700B610C8 /* ProfileViewController.swift */,
			);
			path = Profile;
			sourceTree = "<group>";
		};
		D3DB31BA236B1AA7000F5468 /* Settings */ = {
			isa = PBXGroup;
			children = (
				D3DB31B6236B1A32000F5468 /* settingsTableViewCell.swift */,
				D3DB31B7236B1A33000F5468 /* SettingsViewController.swift */,
			);
			path = Settings;
			sourceTree = "<group>";
		};
		D3F283E0202A1567002FC51E /* Signup */ = {
			isa = PBXGroup;
			children = (
				D3239C0F2018FE0900E40A5A /* SignupViewController.swift */,
				D38944EF236F186F00D34F2E /* SigninEmailViewController.swift */,
				D38944ED236F169200D34F2E /* SignupEmailViewController.swift */,
				D3719CBF2028FB50009EF788 /* SignupFirstNameViewController.swift */,
				D3719CC120290578009EF788 /* SignupPasswordViewController.swift */,
				D3719CC320290E75009EF788 /* SignupPhone1ViewController.swift */,
				D3719CC5202911B0009EF788 /* SignupPhone2ViewController.swift */,
				D3AC299D2353AAA300B610C8 /* SignupTypeWorkerViewController.swift */,
				D334506723ED812E00F11D84 /* SignupAddressViewController.swift */,
			);
			path = Signup;
			sourceTree = "<group>";
		};
		F7BFE2CC9C4C06616E192AF3 /* Pods */ = {
			isa = PBXGroup;
			children = (
				0FA5A2C4462BA5C09F8F7910 /* Pods-GoRush.debug.xcconfig */,
				E4A4EA28505B996D363FB515 /* Pods-GoRush.release.xcconfig */,
			);
			path = Pods;
			sourceTree = "<group>";
		};
/* End PBXGroup section */

/* Begin PBXNativeTarget section */
		D33920F1201768CA003A5D48 /* GoRush */ = {
			isa = PBXNativeTarget;
			buildConfigurationList = D3392106201768CA003A5D48 /* Build configuration list for PBXNativeTarget "GoRush" */;
			buildPhases = (
				332786F5C389791D893E8F2F /* [CP] Check Pods Manifest.lock */,
				D33920EE201768CA003A5D48 /* Sources */,
				D33920EF201768CA003A5D48 /* Frameworks */,
				D33920F0201768CA003A5D48 /* Resources */,
				B34C7229F32FC0D1F3DEBBB4 /* [CP] Embed Pods Frameworks */,
				3E47B5C7B59472DC77D8EB8C /* [CP] Copy Pods Resources */,
			);
			buildRules = (
			);
			dependencies = (
			);
			name = GoRush;
			productName = test;
			productReference = D33920F2201768CA003A5D48 /* GoRush.app */;
			productType = "com.apple.product-type.application";
		};
/* End PBXNativeTarget section */

/* Begin PBXProject section */
		D33920EA201768CA003A5D48 /* Project object */ = {
			isa = PBXProject;
			attributes = {
				LastSwiftUpdateCheck = 0900;
				LastUpgradeCheck = 0940;
				ORGANIZATIONNAME = "Julien Levallois";
				TargetAttributes = {
					D33920F1201768CA003A5D48 = {
						CreatedOnToolsVersion = 9.0;
						LastSwiftMigration = 0940;
						ProvisioningStyle = Automatic;
						SystemCapabilities = {
							com.apple.InAppPurchase = {
								enabled = 0;
							};
							com.apple.Push = {
								enabled = 1;
							};
							com.apple.SafariKeychain = {
								enabled = 0;
							};
						};
					};
				};
			};
			buildConfigurationList = D33920ED201768CA003A5D48 /* Build configuration list for PBXProject "GoRush" */;
			compatibilityVersion = "Xcode 8.0";
			developmentRegion = en;
			hasScannedForEncodings = 0;
			knownRegions = (
				en,
				Base,
				fr,
			);
			mainGroup = D33920E9201768CA003A5D48;
			productRefGroup = D33920F3201768CA003A5D48 /* Products */;
			projectDirPath = "";
			projectRoot = "";
			targets = (
				D33920F1201768CA003A5D48 /* GoRush */,
			);
		};
/* End PBXProject section */

/* Begin PBXResourcesBuildPhase section */
		D33920F0201768CA003A5D48 /* Resources */ = {
			isa = PBXResourcesBuildPhase;
			buildActionMask = 2147483647;
			files = (
				D3392102201768CA003A5D48 /* LaunchScreen.storyboard in Resources */,
				D319628A22BAB9FB00339830 /* Localizable.strings in Resources */,
				D361490E236B17BA009ADC35 /* videoGoRush.mov in Resources */,
				D3579D42230CDC720048774E /* assets.xcassets in Resources */,
			);
			runOnlyForDeploymentPostprocessing = 0;
		};
/* End PBXResourcesBuildPhase section */

/* Begin PBXShellScriptBuildPhase section */
		332786F5C389791D893E8F2F /* [CP] Check Pods Manifest.lock */ = {
			isa = PBXShellScriptBuildPhase;
			buildActionMask = 2147483647;
			files = (
			);
			inputFileListPaths = (
			);
			inputPaths = (
				"${PODS_PODFILE_DIR_PATH}/Podfile.lock",
				"${PODS_ROOT}/Manifest.lock",
			);
			name = "[CP] Check Pods Manifest.lock";
			outputFileListPaths = (
			);
			outputPaths = (
				"$(DERIVED_FILE_DIR)/Pods-GoRush-checkManifestLockResult.txt",
			);
			runOnlyForDeploymentPostprocessing = 0;
			shellPath = /bin/sh;
			shellScript = "diff \"${PODS_PODFILE_DIR_PATH}/Podfile.lock\" \"${PODS_ROOT}/Manifest.lock\" > /dev/null\nif [ $? != 0 ] ; then\n    # print error to STDERR\n    echo \"error: The sandbox is not in sync with the Podfile.lock. Run 'pod install' or update your CocoaPods installation.\" >&2\n    exit 1\nfi\n# This output is used by Xcode 'outputs' to avoid re-running this script phase.\necho \"SUCCESS\" > \"${SCRIPT_OUTPUT_FILE_0}\"\n";
			showEnvVarsInLog = 0;
		};
		3E47B5C7B59472DC77D8EB8C /* [CP] Copy Pods Resources */ = {
			isa = PBXShellScriptBuildPhase;
			buildActionMask = 2147483647;
			files = (
			);
			inputPaths = (
				"${PODS_ROOT}/Target Support Files/Pods-GoRush/Pods-GoRush-resources.sh",
				"${PODS_ROOT}/GoogleMaps/Maps/Frameworks/GoogleMaps.framework/Resources/GoogleMaps.bundle",
				"${PODS_ROOT}/Intercom/Intercom/Intercom.framework/Versions/A/Resources/Intercom.bundle",
				"${PODS_ROOT}/Intercom/Intercom/Intercom.framework/Versions/A/Resources/IntercomTranslations.bundle",
			);
			name = "[CP] Copy Pods Resources";
			outputPaths = (
				"${TARGET_BUILD_DIR}/${UNLOCALIZED_RESOURCES_FOLDER_PATH}/GoogleMaps.bundle",
				"${TARGET_BUILD_DIR}/${UNLOCALIZED_RESOURCES_FOLDER_PATH}/Intercom.bundle",
				"${TARGET_BUILD_DIR}/${UNLOCALIZED_RESOURCES_FOLDER_PATH}/IntercomTranslations.bundle",
			);
			runOnlyForDeploymentPostprocessing = 0;
			shellPath = /bin/sh;
			shellScript = "\"${PODS_ROOT}/Target Support Files/Pods-GoRush/Pods-GoRush-resources.sh\"\n";
			showEnvVarsInLog = 0;
		};
		B34C7229F32FC0D1F3DEBBB4 /* [CP] Embed Pods Frameworks */ = {
			isa = PBXShellScriptBuildPhase;
			buildActionMask = 2147483647;
			files = (
			);
			inputPaths = (
				"${PODS_ROOT}/Target Support Files/Pods-GoRush/Pods-GoRush-frameworks.sh",
				"${BUILT_PRODUCTS_DIR}/Bolts/Bolts.framework",
				"${BUILT_PRODUCTS_DIR}/Bolts-Swift/BoltsSwift.framework",
				"${BUILT_PRODUCTS_DIR}/Cosmos/Cosmos.framework",
				"${BUILT_PRODUCTS_DIR}/FBSDKCoreKit/FBSDKCoreKit.framework",
				"${BUILT_PRODUCTS_DIR}/FBSDKLoginKit/FBSDKLoginKit.framework",
				"${BUILT_PRODUCTS_DIR}/KMPlaceholderTextView/KMPlaceholderTextView.framework",
				"${PODS_ROOT}/Mapbox-iOS-SDK/dynamic/Mapbox.framework",
				"${PODS_ROOT}/Mapbox-iOS-SDK/dynamic/Mapbox.framework.dSYM",
				"${PODS_ROOT}/Mapbox-iOS-SDK/dynamic/29538FE3-EF92-3F4E-8387-E37D1ED304F4.bcsymbolmap",
				"${PODS_ROOT}/Mapbox-iOS-SDK/dynamic/A927EC5D-2159-3CDB-B093-870116C5648E.bcsymbolmap",
				"${PODS_ROOT}/Mapbox-iOS-SDK/dynamic/30826842-67C1-37CC-9078-660F37F80FCB.bcsymbolmap",
				"${PODS_ROOT}/Mapbox-iOS-SDK/dynamic/A7E43BC5-8723-3536-923A-5E436F84DCCD.bcsymbolmap",
				"${BUILT_PRODUCTS_DIR}/MapboxGeocoder.swift/MapboxGeocoder.framework",
				"${BUILT_PRODUCTS_DIR}/MapboxMobileEvents/MapboxMobileEvents.framework",
				"${BUILT_PRODUCTS_DIR}/NVActivityIndicatorView/NVActivityIndicatorView.framework",
				"${BUILT_PRODUCTS_DIR}/NextLevelSessionExporter/NextLevelSessionExporter.framework",
				"${BUILT_PRODUCTS_DIR}/Parse/Parse.framework",
				"${BUILT_PRODUCTS_DIR}/ParseLiveQuery/ParseLiveQuery.framework",
				"${BUILT_PRODUCTS_DIR}/PhoneNumberKit/PhoneNumberKit.framework",
				"${BUILT_PRODUCTS_DIR}/PryntTrimmerView/PryntTrimmerView.framework",
				"${BUILT_PRODUCTS_DIR}/Starscream/Starscream.framework",
				"${BUILT_PRODUCTS_DIR}/SteviaLayout/Stevia.framework",
				"${BUILT_PRODUCTS_DIR}/Stripe/Stripe.framework",
				"${BUILT_PRODUCTS_DIR}/SwiftDate/SwiftDate.framework",
				"${BUILT_PRODUCTS_DIR}/YPImagePicker/YPImagePicker.framework",
			);
			name = "[CP] Embed Pods Frameworks";
			outputPaths = (
				"${TARGET_BUILD_DIR}/${FRAMEWORKS_FOLDER_PATH}/Bolts.framework",
				"${TARGET_BUILD_DIR}/${FRAMEWORKS_FOLDER_PATH}/BoltsSwift.framework",
				"${TARGET_BUILD_DIR}/${FRAMEWORKS_FOLDER_PATH}/Cosmos.framework",
				"${TARGET_BUILD_DIR}/${FRAMEWORKS_FOLDER_PATH}/FBSDKCoreKit.framework",
				"${TARGET_BUILD_DIR}/${FRAMEWORKS_FOLDER_PATH}/FBSDKLoginKit.framework",
				"${TARGET_BUILD_DIR}/${FRAMEWORKS_FOLDER_PATH}/KMPlaceholderTextView.framework",
				"${TARGET_BUILD_DIR}/${FRAMEWORKS_FOLDER_PATH}/Mapbox.framework",
				"${DWARF_DSYM_FOLDER_PATH}/Mapbox.framework.dSYM",
				"${BUILT_PRODUCTS_DIR}/29538FE3-EF92-3F4E-8387-E37D1ED304F4.bcsymbolmap",
				"${BUILT_PRODUCTS_DIR}/A927EC5D-2159-3CDB-B093-870116C5648E.bcsymbolmap",
				"${BUILT_PRODUCTS_DIR}/30826842-67C1-37CC-9078-660F37F80FCB.bcsymbolmap",
				"${BUILT_PRODUCTS_DIR}/A7E43BC5-8723-3536-923A-5E436F84DCCD.bcsymbolmap",
				"${TARGET_BUILD_DIR}/${FRAMEWORKS_FOLDER_PATH}/MapboxGeocoder.framework",
				"${TARGET_BUILD_DIR}/${FRAMEWORKS_FOLDER_PATH}/MapboxMobileEvents.framework",
				"${TARGET_BUILD_DIR}/${FRAMEWORKS_FOLDER_PATH}/NVActivityIndicatorView.framework",
				"${TARGET_BUILD_DIR}/${FRAMEWORKS_FOLDER_PATH}/NextLevelSessionExporter.framework",
				"${TARGET_BUILD_DIR}/${FRAMEWORKS_FOLDER_PATH}/Parse.framework",
				"${TARGET_BUILD_DIR}/${FRAMEWORKS_FOLDER_PATH}/ParseLiveQuery.framework",
				"${TARGET_BUILD_DIR}/${FRAMEWORKS_FOLDER_PATH}/PhoneNumberKit.framework",
				"${TARGET_BUILD_DIR}/${FRAMEWORKS_FOLDER_PATH}/PryntTrimmerView.framework",
				"${TARGET_BUILD_DIR}/${FRAMEWORKS_FOLDER_PATH}/Starscream.framework",
				"${TARGET_BUILD_DIR}/${FRAMEWORKS_FOLDER_PATH}/Stevia.framework",
				"${TARGET_BUILD_DIR}/${FRAMEWORKS_FOLDER_PATH}/Stripe.framework",
				"${TARGET_BUILD_DIR}/${FRAMEWORKS_FOLDER_PATH}/SwiftDate.framework",
				"${TARGET_BUILD_DIR}/${FRAMEWORKS_FOLDER_PATH}/YPImagePicker.framework",
			);
			runOnlyForDeploymentPostprocessing = 0;
			shellPath = /bin/sh;
			shellScript = "\"${PODS_ROOT}/Target Support Files/Pods-GoRush/Pods-GoRush-frameworks.sh\"\n";
			showEnvVarsInLog = 0;
		};
/* End PBXShellScriptBuildPhase section */

/* Begin PBXSourcesBuildPhase section */
		D33920EE201768CA003A5D48 /* Sources */ = {
			isa = PBXSourcesBuildPhase;
			buildActionMask = 2147483647;
			files = (
				D3719CC220290578009EF788 /* SignupPasswordViewController.swift in Sources */,
				D38944EE236F169200D34F2E /* SignupEmailViewController.swift in Sources */,
				D3A7E6992360A0E3000F54E4 /* SwiftyCamButton.swift in Sources */,
				D3CA708B23B96AC600D30643 /* requestCollectionViewCell.swift in Sources */,
				D3D5F74823678A470073EA99 /* SendRequestViewController.swift in Sources */,
				D3DB31B9236B1A33000F5468 /* SettingsViewController.swift in Sources */,
				D3A7E68A23609DB9000F54E4 /* CameraViewController.swift in Sources */,
				D3AC2995235380C700B610C8 /* ProfileViewController.swift in Sources */,
				D3336B8A23F85BF200BC595B /* LandViewController.swift in Sources */,
				D3A58670242F57C200B4A18B /* OptionsMowingViewController.swift in Sources */,
				D3A7E6982360A0E3000F54E4 /* SwiftyCamViewController.swift in Sources */,
				D3C11E3523D341DD00915515 /* BankAccountViewController.swift in Sources */,
				D3CA707623B9129900D30643 /* editProfileTableViewCell.swift in Sources */,
				D3CA707523B9129900D30643 /* EditProfileViewController.swift in Sources */,
				D334506A23ED8B3E00F11D84 /* DateTextField.swift in Sources */,
				D3D820D4235F5A0F00C805E5 /* serviceCollectionViewCell.swift in Sources */,
				D3D5F742236700F70073EA99 /* VideoViewController.swift in Sources */,
				D339210C20176A85003A5D48 /* TabBarController.swift in Sources */,
				D3719CC6202911B0009EF788 /* SignupPhone2ViewController.swift in Sources */,
				D3DB31B8236B1A33000F5468 /* settingsTableViewCell.swift in Sources */,
				D3CA707F23B9678E00D30643 /* JobsViewController.swift in Sources */,
				D3C11E3123D0BCF600915515 /* ReviewsViewController.swift in Sources */,
				D334506823ED812E00F11D84 /* SignupAddressViewController.swift in Sources */,
				D3CA709023B9790B00D30643 /* skillCollectionViewCell.swift in Sources */,
				D3046B3E239B0E35000E4DEA /* PaymentsViewController.swift in Sources */,
				D31A283722D51DE300CBE86D /* ParentLoadingViewController.swift in Sources */,
				D3A7E69C2360A0E3000F54E4 /* PreviewView.swift in Sources */,
				D31911CA201FC1610083AB40 /* Countries.swift in Sources */,
				D368A3502397078400286263 /* MowingAreaViewController.swift in Sources */,
				D33920F6201768CA003A5D48 /* AppDelegate.swift in Sources */,
				D3C11E3323D0C2AA00915515 /* reviewTableViewCell.swift in Sources */,
				D3046B3F239B0E35000E4DEA /* cardTableViewCell.swift in Sources */,
				D3046B40239B0E35000E4DEA /* AddPaymentViewController.swift in Sources */,
				D3D820D1235F598F00C805E5 /* SelectServiceViewController.swift in Sources */,
				D3046B31239A98B3000E4DEA /* grassHeightCollectionViewCell.swift in Sources */,
				D3CA709223BA517100D30643 /* RequestWorkerViewController.swift in Sources */,
				D3886D14242CDF1900EBC882 /* Utils.swift in Sources */,
				D3CBED3523CE9072007D50D6 /* requestAcceptedCollectionViewCell.swift in Sources */,
				D3719CC02028FB50009EF788 /* SignupFirstNameViewController.swift in Sources */,
				D3A7E69B2360A0E3000F54E4 /* SwiftyRecordButton.swift in Sources */,
				D38944F0236F186F00D34F2E /* SigninEmailViewController.swift in Sources */,
				D3046B2E239A9867000E4DEA /* GrassHeight.swift in Sources */,
				D3CA708923B96AC600D30643 /* RequestsViewController.swift in Sources */,
				D3A58673242FBD9E00B4A18B /* PhotosViewController.swift in Sources */,
				D3CA708E23B9748D00D30643 /* exploreCollectionViewCell.swift in Sources */,
				D3A7E69A2360A0E3000F54E4 /* SwiftyCamViewControllerDelegate.swift in Sources */,
				D3AC299E2353AAA300B610C8 /* SignupTypeWorkerViewController.swift in Sources */,
				D3BA284223D09111009FCCAB /* NewReviewToUserViewController.swift in Sources */,
				D3CA708A23B96AC600D30643 /* RequestViewController.swift in Sources */,
				D3CA708123B9679E00D30643 /* SkillsViewController.swift in Sources */,
				D3D5F7462367677B0073EA99 /* addressTableViewCell.swift in Sources */,
				D3719CC420290E75009EF788 /* SignupPhone1ViewController.swift in Sources */,
				D339211020178C96003A5D48 /* Brain.swift in Sources */,
				D3CA707D23B9677500D30643 /* ExploreViewController.swift in Sources */,
				D3A7E6972360A0E3000F54E4 /* Orientation.swift in Sources */,
				D30D939A2308AD8D00471601 /* WebViewController.swift in Sources */,
				D3D5F744236715540073EA99 /* WhereViewController.swift in Sources */,
				D3239C102018FE0900E40A5A /* SignupViewController.swift in Sources */,
			);
			runOnlyForDeploymentPostprocessing = 0;
		};
/* End PBXSourcesBuildPhase section */

/* Begin PBXVariantGroup section */
		D319628C22BAB9FB00339830 /* Localizable.strings */ = {
			isa = PBXVariantGroup;
			children = (
				D319628B22BAB9FB00339830 /* en */,
				D319628D22BABA0200339830 /* fr */,
			);
			name = Localizable.strings;
			sourceTree = "<group>";
		};
		D3392100201768CA003A5D48 /* LaunchScreen.storyboard */ = {
			isa = PBXVariantGroup;
			children = (
				D3392101201768CA003A5D48 /* Base */,
			);
			name = LaunchScreen.storyboard;
			sourceTree = "<group>";
		};
/* End PBXVariantGroup section */

/* Begin XCBuildConfiguration section */
		D3392104201768CA003A5D48 /* Debug */ = {
			isa = XCBuildConfiguration;
			buildSettings = {
				ALWAYS_SEARCH_USER_PATHS = NO;
				CLANG_ANALYZER_LOCALIZABILITY_NONLOCALIZED = YES;
				CLANG_ANALYZER_NONNULL = YES;
				CLANG_ANALYZER_NUMBER_OBJECT_CONVERSION = YES_AGGRESSIVE;
				CLANG_CXX_LANGUAGE_STANDARD = "gnu++14";
				CLANG_CXX_LIBRARY = "libc++";
				CLANG_ENABLE_MODULES = YES;
				CLANG_ENABLE_OBJC_ARC = YES;
				CLANG_WARN_BLOCK_CAPTURE_AUTORELEASING = YES;
				CLANG_WARN_BOOL_CONVERSION = YES;
				CLANG_WARN_COMMA = YES;
				CLANG_WARN_CONSTANT_CONVERSION = YES;
				CLANG_WARN_DEPRECATED_OBJC_IMPLEMENTATIONS = YES;
				CLANG_WARN_DIRECT_OBJC_ISA_USAGE = YES_ERROR;
				CLANG_WARN_DOCUMENTATION_COMMENTS = YES;
				CLANG_WARN_EMPTY_BODY = YES;
				CLANG_WARN_ENUM_CONVERSION = YES;
				CLANG_WARN_INFINITE_RECURSION = YES;
				CLANG_WARN_INT_CONVERSION = YES;
				CLANG_WARN_NON_LITERAL_NULL_CONVERSION = YES;
				CLANG_WARN_OBJC_IMPLICIT_RETAIN_SELF = YES;
				CLANG_WARN_OBJC_LITERAL_CONVERSION = YES;
				CLANG_WARN_OBJC_ROOT_CLASS = YES_ERROR;
				CLANG_WARN_RANGE_LOOP_ANALYSIS = YES;
				CLANG_WARN_STRICT_PROTOTYPES = YES;
				CLANG_WARN_SUSPICIOUS_MOVE = YES;
				CLANG_WARN_UNGUARDED_AVAILABILITY = YES_AGGRESSIVE;
				CLANG_WARN_UNREACHABLE_CODE = YES;
				CLANG_WARN__DUPLICATE_METHOD_MATCH = YES;
				CODE_SIGN_IDENTITY = "iPhone Developer";
				COPY_PHASE_STRIP = NO;
				DEBUG_INFORMATION_FORMAT = dwarf;
				ENABLE_STRICT_OBJC_MSGSEND = YES;
				ENABLE_TESTABILITY = YES;
				GCC_C_LANGUAGE_STANDARD = gnu11;
				GCC_DYNAMIC_NO_PIC = NO;
				GCC_NO_COMMON_BLOCKS = YES;
				GCC_OPTIMIZATION_LEVEL = 0;
				GCC_PREPROCESSOR_DEFINITIONS = (
					"DEBUG=1",
					"$(inherited)",
				);
				GCC_WARN_64_TO_32_BIT_CONVERSION = YES;
				GCC_WARN_ABOUT_RETURN_TYPE = YES_ERROR;
				GCC_WARN_UNDECLARED_SELECTOR = YES;
				GCC_WARN_UNINITIALIZED_AUTOS = YES_AGGRESSIVE;
				GCC_WARN_UNUSED_FUNCTION = YES;
				GCC_WARN_UNUSED_VARIABLE = YES;
				IPHONEOS_DEPLOYMENT_TARGET = 11.0;
				MTL_ENABLE_DEBUG_INFO = YES;
				ONLY_ACTIVE_ARCH = YES;
				OTHER_SWIFT_FLAGS = "";
				SDKROOT = iphoneos;
				SWIFT_ACTIVE_COMPILATION_CONDITIONS = DEBUG;
				SWIFT_OPTIMIZATION_LEVEL = "-Onone";
			};
			name = Debug;
		};
		D3392105201768CA003A5D48 /* Release */ = {
			isa = XCBuildConfiguration;
			buildSettings = {
				ALWAYS_SEARCH_USER_PATHS = NO;
				CLANG_ANALYZER_LOCALIZABILITY_NONLOCALIZED = YES;
				CLANG_ANALYZER_NONNULL = YES;
				CLANG_ANALYZER_NUMBER_OBJECT_CONVERSION = YES_AGGRESSIVE;
				CLANG_CXX_LANGUAGE_STANDARD = "gnu++14";
				CLANG_CXX_LIBRARY = "libc++";
				CLANG_ENABLE_MODULES = YES;
				CLANG_ENABLE_OBJC_ARC = YES;
				CLANG_WARN_BLOCK_CAPTURE_AUTORELEASING = YES;
				CLANG_WARN_BOOL_CONVERSION = YES;
				CLANG_WARN_COMMA = YES;
				CLANG_WARN_CONSTANT_CONVERSION = YES;
				CLANG_WARN_DEPRECATED_OBJC_IMPLEMENTATIONS = YES;
				CLANG_WARN_DIRECT_OBJC_ISA_USAGE = YES_ERROR;
				CLANG_WARN_DOCUMENTATION_COMMENTS = YES;
				CLANG_WARN_EMPTY_BODY = YES;
				CLANG_WARN_ENUM_CONVERSION = YES;
				CLANG_WARN_INFINITE_RECURSION = YES;
				CLANG_WARN_INT_CONVERSION = YES;
				CLANG_WARN_NON_LITERAL_NULL_CONVERSION = YES;
				CLANG_WARN_OBJC_IMPLICIT_RETAIN_SELF = YES;
				CLANG_WARN_OBJC_LITERAL_CONVERSION = YES;
				CLANG_WARN_OBJC_ROOT_CLASS = YES_ERROR;
				CLANG_WARN_RANGE_LOOP_ANALYSIS = YES;
				CLANG_WARN_STRICT_PROTOTYPES = YES;
				CLANG_WARN_SUSPICIOUS_MOVE = YES;
				CLANG_WARN_UNGUARDED_AVAILABILITY = YES_AGGRESSIVE;
				CLANG_WARN_UNREACHABLE_CODE = YES;
				CLANG_WARN__DUPLICATE_METHOD_MATCH = YES;
				CODE_SIGN_IDENTITY = "iPhone Developer";
				COPY_PHASE_STRIP = NO;
				DEBUG_INFORMATION_FORMAT = "dwarf-with-dsym";
				ENABLE_NS_ASSERTIONS = NO;
				ENABLE_STRICT_OBJC_MSGSEND = YES;
				GCC_C_LANGUAGE_STANDARD = gnu11;
				GCC_NO_COMMON_BLOCKS = YES;
				GCC_WARN_64_TO_32_BIT_CONVERSION = YES;
				GCC_WARN_ABOUT_RETURN_TYPE = YES_ERROR;
				GCC_WARN_UNDECLARED_SELECTOR = YES;
				GCC_WARN_UNINITIALIZED_AUTOS = YES_AGGRESSIVE;
				GCC_WARN_UNUSED_FUNCTION = YES;
				GCC_WARN_UNUSED_VARIABLE = YES;
				IPHONEOS_DEPLOYMENT_TARGET = 11.0;
				MTL_ENABLE_DEBUG_INFO = NO;
				OTHER_SWIFT_FLAGS = "";
				SDKROOT = iphoneos;
				SWIFT_OPTIMIZATION_LEVEL = "-Owholemodule";
				VALIDATE_PRODUCT = YES;
			};
			name = Release;
		};
		D3392107201768CA003A5D48 /* Debug */ = {
			isa = XCBuildConfiguration;
			baseConfigurationReference = 0FA5A2C4462BA5C09F8F7910 /* Pods-GoRush.debug.xcconfig */;
			buildSettings = {
				ASSETCATALOG_COMPILER_APPICON_NAME = AppIcon;
				CLANG_ENABLE_MODULES = YES;
				CODE_SIGN_ENTITLEMENTS = "";
				CODE_SIGN_IDENTITY = "iPhone Developer";
				CODE_SIGN_STYLE = Automatic;
				DEVELOPMENT_TEAM = R7H3TYVKX8;
				INFOPLIST_FILE = "$(SRCROOT)/GoRush/Info.plist";
				IPHONEOS_DEPLOYMENT_TARGET = 12.0;
				LD_RUNPATH_SEARCH_PATHS = "$(inherited) @executable_path/Frameworks";
				OTHER_SWIFT_FLAGS = "-Onone";
				PRODUCT_BUNDLE_IDENTIFIER = com.gorush.gorush;
				PRODUCT_NAME = "$(TARGET_NAME)";
				PROVISIONING_PROFILE_SPECIFIER = "";
				SWIFT_INSTALL_OBJC_HEADER = NO;
				SWIFT_OPTIMIZATION_LEVEL = "-O";
				SWIFT_PRECOMPILE_BRIDGING_HEADER = NO;
				SWIFT_VERSION = 5.0;
				TARGETED_DEVICE_FAMILY = 1;
			};
			name = Debug;
		};
		D3392108201768CA003A5D48 /* Release */ = {
			isa = XCBuildConfiguration;
			baseConfigurationReference = E4A4EA28505B996D363FB515 /* Pods-GoRush.release.xcconfig */;
			buildSettings = {
				ASSETCATALOG_COMPILER_APPICON_NAME = AppIcon;
				CLANG_ENABLE_MODULES = YES;
				CODE_SIGN_ENTITLEMENTS = "";
				CODE_SIGN_IDENTITY = "iPhone Developer";
				CODE_SIGN_STYLE = Automatic;
				DEVELOPMENT_TEAM = R7H3TYVKX8;
				INFOPLIST_FILE = "$(SRCROOT)/GoRush/Info.plist";
				IPHONEOS_DEPLOYMENT_TARGET = 12.0;
				LD_RUNPATH_SEARCH_PATHS = "$(inherited) @executable_path/Frameworks";
				OTHER_SWIFT_FLAGS = "-Onone";
				PRODUCT_BUNDLE_IDENTIFIER = com.gorush.gorush;
				PRODUCT_NAME = "$(TARGET_NAME)";
				PROVISIONING_PROFILE_SPECIFIER = "";
				SWIFT_INSTALL_OBJC_HEADER = NO;
				SWIFT_OPTIMIZATION_LEVEL = "-O";
				SWIFT_PRECOMPILE_BRIDGING_HEADER = NO;
				SWIFT_VERSION = 5.0;
				TARGETED_DEVICE_FAMILY = 1;
			};
			name = Release;
		};
/* End XCBuildConfiguration section */

/* Begin XCConfigurationList section */
		D33920ED201768CA003A5D48 /* Build configuration list for PBXProject "GoRush" */ = {
			isa = XCConfigurationList;
			buildConfigurations = (
				D3392104201768CA003A5D48 /* Debug */,
				D3392105201768CA003A5D48 /* Release */,
			);
			defaultConfigurationIsVisible = 0;
			defaultConfigurationName = Release;
		};
		D3392106201768CA003A5D48 /* Build configuration list for PBXNativeTarget "GoRush" */ = {
			isa = XCConfigurationList;
			buildConfigurations = (
				D3392107201768CA003A5D48 /* Debug */,
				D3392108201768CA003A5D48 /* Release */,
			);
			defaultConfigurationIsVisible = 0;
			defaultConfigurationName = Release;
		};
/* End XCConfigurationList section */
	};
	rootObject = D33920EA201768CA003A5D48 /* Project object */;
}
